
Microsoft Visual Studio Solution File, Format Version 12.00
# Visual Studio 15
Project("{FAE04EC0-301F-11D3-BF4B-00C04F79EFBC}") = "Unity.ML-Agents.CommunicatorObjects", "Unity.ML-Agents.CommunicatorObjects.csproj", "{4B3D0F3E-A704-1634-0315-6ADD9DA1DC7A}"
EndProject
Project("{FAE04EC0-301F-11D3-BF4B-00C04F79EFBC}") = "Unity.ML-Agents", "Unity.ML-Agents.csproj", "{90D85886-F8EE-F0D1-42B6-A8AD4028B834}"
EndProject
Project("{FAE04EC0-301F-11D3-BF4B-00C04F79EFBC}") = "Assembly-CSharp", "Assembly-CSharp.csproj", "{5D077E3B-B82C-2CB9-972A-689A7403218E}"
EndProject
Project("{FAE04EC0-301F-11D3-BF4B-00C04F79EFBC}") = "Unity.ML-Agents.Editor", "Unity.ML-Agents.Editor.csproj", "{5A2C549C-31C6-901E-0EC1-1B96208C753C}"
EndProject
Global
	GlobalSection(SolutionConfigurationPlatforms) = preSolution
		Debug|Any CPU = Debug|Any CPU
		Release|Any CPU = Release|Any CPU
	EndGlobalSection
	GlobalSection(ProjectConfigurationPlatforms) = postSolution
		{4B3D0F3E-A704-1634-0315-6ADD9DA1DC7A}.Debug|Any CPU.ActiveCfg = Debug|Any CPU
		{4B3D0F3E-A704-1634-0315-6ADD9DA1DC7A}.Debug|Any CPU.Build.0 = Debug|Any CPU
		{4B3D0F3E-A704-1634-0315-6ADD9DA1DC7A}.Release|Any CPU.ActiveCfg = Release|Any CPU
		{4B3D0F3E-A704-1634-0315-6ADD9DA1DC7A}.Release|Any CPU.Build.0 = Release|Any CPU
		{90D85886-F8EE-F0D1-42B6-A8AD4028B834}.Debug|Any CPU.ActiveCfg = Debug|Any CPU
		{90D85886-F8EE-F0D1-42B6-A8AD4028B834}.Debug|Any CPU.Build.0 = Debug|Any CPU
		{90D85886-F8EE-F0D1-42B6-A8AD4028B834}.Release|Any CPU.ActiveCfg = Release|Any CPU
		{90D85886-F8EE-F0D1-42B6-A8AD4028B834}.Release|Any CPU.Build.0 = Release|Any CPU
		{5D077E3B-B82C-2CB9-972A-689A7403218E}.Debug|Any CPU.ActiveCfg = Debug|Any CPU
		{5D077E3B-B82C-2CB9-972A-689A7403218E}.Debug|Any CPU.Build.0 = Debug|Any CPU
		{5D077E3B-B82C-2CB9-972A-689A7403218E}.Release|Any CPU.ActiveCfg = Release|Any CPU
		{5D077E3B-B82C-2CB9-972A-689A7403218E}.Release|Any CPU.Build.0 = Release|Any CPU
		{5A2C549C-31C6-901E-0EC1-1B96208C753C}.Debug|Any CPU.ActiveCfg = Debug|Any CPU
		{5A2C549C-31C6-901E-0EC1-1B96208C753C}.Debug|Any CPU.Build.0 = Debug|Any CPU
		{5A2C549C-31C6-901E-0EC1-1B96208C753C}.Release|Any CPU.ActiveCfg = Release|Any CPU
		{5A2C549C-31C6-901E-0EC1-1B96208C753C}.Release|Any CPU.Build.0 = Release|Any CPU
	EndGlobalSection
	GlobalSection(SolutionProperties) = preSolution
		HideSolutionNode = FALSE
	EndGlobalSection
EndGlobal
