
Microsoft Visual Studio Solution File, Format Version 12.00
# Visual Studio 2017
Project("{FAE04EC0-301F-11D3-BF4B-00C04F79EFBC}") = "UnityEngine.TestRunner", "UnityEngine.TestRunner.csproj", "{E08C0643-0A13-BF9B-F68E-2FDBBB855F02}"
EndProject
Project("{FAE04EC0-301F-11D3-BF4B-00C04F79EFBC}") = "Unity.Barracuda", "Unity.Barracuda.csproj", "{19E920D6-049F-9E80-3D12-28DFA00E1EBF}"
EndProject
Project("{FAE04EC0-301F-11D3-BF4B-00C04F79EFBC}") = "UnityEngine.UI", "UnityEngine.UI.csproj", "{BA355BDC-D9AC-4DF0-CBE7-0822160BAB0E}"
EndProject
Project("{FAE04EC0-301F-11D3-BF4B-00C04F79EFBC}") = "com.unity.multiplayer-hlapi.Runtime", "com.unity.multiplayer-hlapi.Runtime.csproj", "{FA5CA632-7858-B348-2678-3563F1DAD317}"
EndProject
Project("{FAE04EC0-301F-11D3-BF4B-00C04F79EFBC}") = "Unity.TextMeshPro", "Unity.TextMeshPro.csproj", "{07A21C90-D344-AE1A-8456-9910C203B41A}"
EndProject
Project("{FAE04EC0-301F-11D3-BF4B-00C04F79EFBC}") = "Unity.Timeline", "Unity.Timeline.csproj", "{6940CB9D-2F64-7CD4-BA0F-5610D5AB47B0}"
EndProject
Project("{FAE04EC0-301F-11D3-BF4B-00C04F79EFBC}") = "Unity.ML-Agents", "Unity.ML-Agents.csproj", "{F20DAC98-2C07-4D2A-A668-D63F0299122E}"
EndProject
Project("{FAE04EC0-301F-11D3-BF4B-00C04F79EFBC}") = "Unity.Mathematics", "Unity.Mathematics.csproj", "{CF96849C-7EC5-561A-2E6B-E507ADE81955}"
EndProject
Project("{FAE04EC0-301F-11D3-BF4B-00C04F79EFBC}") = "Unity.Burst", "Unity.Burst.csproj", "{0C74765B-F4CA-7B0F-F53E-9587C807DB59}"
EndProject
Project("{FAE04EC0-301F-11D3-BF4B-00C04F79EFBC}") = "Unity.Analytics.DataPrivacy", "Unity.Analytics.DataPrivacy.csproj", "{D6E266C6-3D1F-28C8-9FEB-2A01E44DBF77}"
EndProject
Project("{FAE04EC0-301F-11D3-BF4B-00C04F79EFBC}") = "Unity.ML-Agents.CommunicatorObjects", "Unity.ML-Agents.CommunicatorObjects.csproj", "{0414277F-87C4-2C43-6C82-6BE303E3ECC6}"
EndProject
Project("{FAE04EC0-301F-11D3-BF4B-00C04F79EFBC}") = "UnityMiddleWare2", "UnityMiddleWare2.csproj", "{D526B8C1-FFF1-7E93-EDF7-41BF59EEBEB8}"
EndProject
Project("{FAE04EC0-301F-11D3-BF4B-00C04F79EFBC}") = "UnityEngine.XR.LegacyInputHelpers", "UnityEngine.XR.LegacyInputHelpers.csproj", "{8E7C73A3-7719-6FE2-0D0D-A83EDAB504C7}"
EndProject
Project("{FAE04EC0-301F-11D3-BF4B-00C04F79EFBC}") = "UnityEngine.SpatialTracking", "UnityEngine.SpatialTracking.csproj", "{EDE48CFA-E9C6-66CB-F43E-070EAA2E76B0}"
EndProject
Project("{FAE04EC0-301F-11D3-BF4B-00C04F79EFBC}") = "Unity.Barracuda.MacBLAS", "Unity.Barracuda.MacBLAS.csproj", "{2B5EBA4C-6F49-0CD7-B2E9-17011B7A77DE}"
EndProject
Project("{FAE04EC0-301F-11D3-BF4B-00C04F79EFBC}") = "Unity.Barracuda.BurstBLAS", "Unity.Barracuda.BurstBLAS.csproj", "{EADDBA5C-9D8F-36FC-4CF7-3F00B455CEFA}"
EndProject
Project("{FAE04EC0-301F-11D3-BF4B-00C04F79EFBC}") = "Unity.Barracuda.iOSBLAS", "Unity.Barracuda.iOSBLAS.csproj", "{4CA5F358-0823-13A6-3AC2-C8762B1F91C6}"
EndProject
Project("{FAE04EC0-301F-11D3-BF4B-00C04F79EFBC}") = "Unity.TextMeshPro.Editor", "Unity.TextMeshPro.Editor.csproj", "{3A848AB7-9891-EDDA-D555-BF184C2F81F4}"
EndProject
Project("{FAE04EC0-301F-11D3-BF4B-00C04F79EFBC}") = "Unity.Timeline.Editor", "Unity.Timeline.Editor.csproj", "{7C87BE25-0A2E-FC58-1E14-37330F289AA3}"
EndProject
Project("{FAE04EC0-301F-11D3-BF4B-00C04F79EFBC}") = "UnityEditor.TestRunner", "UnityEditor.TestRunner.csproj", "{01729BEB-38B3-94D0-873E-F22C19EB806A}"
EndProject
Project("{FAE04EC0-301F-11D3-BF4B-00C04F79EFBC}") = "Unity.2D.Sprite.Editor", "Unity.2D.Sprite.Editor.csproj", "{FB59C224-D4E6-39F8-9116-391BC3D3E954}"
EndProject
Project("{FAE04EC0-301F-11D3-BF4B-00C04F79EFBC}") = "com.unity.multiplayer-hlapi.Editor", "com.unity.multiplayer-hlapi.Editor.csproj", "{5FCD587C-B023-5664-12C3-B6D9F281A654}"
EndProject
Project("{FAE04EC0-301F-11D3-BF4B-00C04F79EFBC}") = "UnityEditor.UI", "UnityEditor.UI.csproj", "{3BB3FA27-B9AA-7EC6-4E7C-EE51EC3271F7}"
EndProject
Project("{FAE04EC0-301F-11D3-BF4B-00C04F79EFBC}") = "Unity.Rider.Editor", "Unity.Rider.Editor.csproj", "{C540080A-BED7-978E-DDFC-EE09E5DBB722}"
EndProject
Project("{FAE04EC0-301F-11D3-BF4B-00C04F79EFBC}") = "Unity.2D.Tilemap.Editor", "Unity.2D.Tilemap.Editor.csproj", "{9B01B14B-B87E-A8D5-396F-11C50473230C}"
EndProject
Project("{FAE04EC0-301F-11D3-BF4B-00C04F79EFBC}") = "UnityEditor.XR.LegacyInputHelpers", "UnityEditor.XR.LegacyInputHelpers.csproj", "{E39D021A-24A3-CC45-6B3B-9304A0479D9A}"
EndProject
Project("{FAE04EC0-301F-11D3-BF4B-00C04F79EFBC}") = "Unity.Barracuda.Editor", "Unity.Barracuda.Editor.csproj", "{380BDDF0-8A5E-D44A-9906-A8366A78F5F7}"
EndProject
Project("{FAE04EC0-301F-11D3-BF4B-00C04F79EFBC}") = "Unity.CollabProxy.Editor", "Unity.CollabProxy.Editor.csproj", "{C12CEEC6-100C-58A2-DE36-314E4DE5E40B}"
EndProject
Project("{FAE04EC0-301F-11D3-BF4B-00C04F79EFBC}") = "Unity.ML-Agents.Editor", "Unity.ML-Agents.Editor.csproj", "{F2BA6F82-B7B1-89DD-F5B6-9DBC8354D4BC}"
EndProject
Project("{FAE04EC0-301F-11D3-BF4B-00C04F79EFBC}") = "com.unity.multiplayer-weaver.Editor", "com.unity.multiplayer-weaver.Editor.csproj", "{93D0DB2F-F53D-5A17-ACE7-5C0226DA2A0D}"
EndProject
Project("{FAE04EC0-301F-11D3-BF4B-00C04F79EFBC}") = "Unity.VSCode.Editor", "Unity.VSCode.Editor.csproj", "{F37EB8D3-595B-2A8E-9D57-98253E4F534B}"
EndProject
Project("{FAE04EC0-301F-11D3-BF4B-00C04F79EFBC}") = "Unity.Burst.Editor", "Unity.Burst.Editor.csproj", "{9C1497B8-C3E3-622E-AE76-6C9406BBD464}"
EndProject
Project("{FAE04EC0-301F-11D3-BF4B-00C04F79EFBC}") = "Unity.Mathematics.Editor", "Unity.Mathematics.Editor.csproj", "{6AF95F4B-B8F1-38E0-2772-4BB952A98123}"
EndProject
Project("{FAE04EC0-301F-11D3-BF4B-00C04F79EFBC}") = "UnityEditor.SpatialTracking", "UnityEditor.SpatialTracking.csproj", "{779568FA-8B74-9FC0-8E1A-6EBB501CEFE6}"
EndProject
Global
	GlobalSection(SolutionConfigurationPlatforms) = preSolution
		Debug|Any CPU = Debug|Any CPU
		Release|Any CPU = Release|Any CPU
	EndGlobalSection
	GlobalSection(ProjectConfigurationPlatforms) = postSolution
		{E08C0643-0A13-BF9B-F68E-2FDBBB855F02}.Debug|Any CPU.ActiveCfg = Debug|Any CPU
		{E08C0643-0A13-BF9B-F68E-2FDBBB855F02}.Debug|Any CPU.Build.0 = Debug|Any CPU
		{E08C0643-0A13-BF9B-F68E-2FDBBB855F02}.Release|Any CPU.ActiveCfg = Release|Any CPU
		{E08C0643-0A13-BF9B-F68E-2FDBBB855F02}.Release|Any CPU.Build.0 = Release|Any CPU
		{19E920D6-049F-9E80-3D12-28DFA00E1EBF}.Debug|Any CPU.ActiveCfg = Debug|Any CPU
		{19E920D6-049F-9E80-3D12-28DFA00E1EBF}.Debug|Any CPU.Build.0 = Debug|Any CPU
		{19E920D6-049F-9E80-3D12-28DFA00E1EBF}.Release|Any CPU.ActiveCfg = Release|Any CPU
		{19E920D6-049F-9E80-3D12-28DFA00E1EBF}.Release|Any CPU.Build.0 = Release|Any CPU
		{BA355BDC-D9AC-4DF0-CBE7-0822160BAB0E}.Debug|Any CPU.ActiveCfg = Debug|Any CPU
		{BA355BDC-D9AC-4DF0-CBE7-0822160BAB0E}.Debug|Any CPU.Build.0 = Debug|Any CPU
		{BA355BDC-D9AC-4DF0-CBE7-0822160BAB0E}.Release|Any CPU.ActiveCfg = Release|Any CPU
		{BA355BDC-D9AC-4DF0-CBE7-0822160BAB0E}.Release|Any CPU.Build.0 = Release|Any CPU
		{FA5CA632-7858-B348-2678-3563F1DAD317}.Debug|Any CPU.ActiveCfg = Debug|Any CPU
		{FA5CA632-7858-B348-2678-3563F1DAD317}.Debug|Any CPU.Build.0 = Debug|Any CPU
		{FA5CA632-7858-B348-2678-3563F1DAD317}.Release|Any CPU.ActiveCfg = Release|Any CPU
		{FA5CA632-7858-B348-2678-3563F1DAD317}.Release|Any CPU.Build.0 = Release|Any CPU
		{07A21C90-D344-AE1A-8456-9910C203B41A}.Debug|Any CPU.ActiveCfg = Debug|Any CPU
		{07A21C90-D344-AE1A-8456-9910C203B41A}.Debug|Any CPU.Build.0 = Debug|Any CPU
		{07A21C90-D344-AE1A-8456-9910C203B41A}.Release|Any CPU.ActiveCfg = Release|Any CPU
		{07A21C90-D344-AE1A-8456-9910C203B41A}.Release|Any CPU.Build.0 = Release|Any CPU
		{6940CB9D-2F64-7CD4-BA0F-5610D5AB47B0}.Debug|Any CPU.ActiveCfg = Debug|Any CPU
		{6940CB9D-2F64-7CD4-BA0F-5610D5AB47B0}.Debug|Any CPU.Build.0 = Debug|Any CPU
		{6940CB9D-2F64-7CD4-BA0F-5610D5AB47B0}.Release|Any CPU.ActiveCfg = Release|Any CPU
		{6940CB9D-2F64-7CD4-BA0F-5610D5AB47B0}.Release|Any CPU.Build.0 = Release|Any CPU
		{F20DAC98-2C07-4D2A-A668-D63F0299122E}.Debug|Any CPU.ActiveCfg = Debug|Any CPU
		{F20DAC98-2C07-4D2A-A668-D63F0299122E}.Debug|Any CPU.Build.0 = Debug|Any CPU
		{F20DAC98-2C07-4D2A-A668-D63F0299122E}.Release|Any CPU.ActiveCfg = Release|Any CPU
		{F20DAC98-2C07-4D2A-A668-D63F0299122E}.Release|Any CPU.Build.0 = Release|Any CPU
		{CF96849C-7EC5-561A-2E6B-E507ADE81955}.Debug|Any CPU.ActiveCfg = Debug|Any CPU
		{CF96849C-7EC5-561A-2E6B-E507ADE81955}.Debug|Any CPU.Build.0 = Debug|Any CPU
		{CF96849C-7EC5-561A-2E6B-E507ADE81955}.Release|Any CPU.ActiveCfg = Release|Any CPU
		{CF96849C-7EC5-561A-2E6B-E507ADE81955}.Release|Any CPU.Build.0 = Release|Any CPU
		{0C74765B-F4CA-7B0F-F53E-9587C807DB59}.Debug|Any CPU.ActiveCfg = Debug|Any CPU
		{0C74765B-F4CA-7B0F-F53E-9587C807DB59}.Debug|Any CPU.Build.0 = Debug|Any CPU
		{0C74765B-F4CA-7B0F-F53E-9587C807DB59}.Release|Any CPU.ActiveCfg = Release|Any CPU
		{0C74765B-F4CA-7B0F-F53E-9587C807DB59}.Release|Any CPU.Build.0 = Release|Any CPU
		{D6E266C6-3D1F-28C8-9FEB-2A01E44DBF77}.Debug|Any CPU.ActiveCfg = Debug|Any CPU
		{D6E266C6-3D1F-28C8-9FEB-2A01E44DBF77}.Debug|Any CPU.Build.0 = Debug|Any CPU
		{D6E266C6-3D1F-28C8-9FEB-2A01E44DBF77}.Release|Any CPU.ActiveCfg = Release|Any CPU
		{D6E266C6-3D1F-28C8-9FEB-2A01E44DBF77}.Release|Any CPU.Build.0 = Release|Any CPU
		{0414277F-87C4-2C43-6C82-6BE303E3ECC6}.Debug|Any CPU.ActiveCfg = Debug|Any CPU
		{0414277F-87C4-2C43-6C82-6BE303E3ECC6}.Debug|Any CPU.Build.0 = Debug|Any CPU
		{0414277F-87C4-2C43-6C82-6BE303E3ECC6}.Release|Any CPU.ActiveCfg = Release|Any CPU
		{0414277F-87C4-2C43-6C82-6BE303E3ECC6}.Release|Any CPU.Build.0 = Release|Any CPU
		{D526B8C1-FFF1-7E93-EDF7-41BF59EEBEB8}.Debug|Any CPU.ActiveCfg = Debug|Any CPU
		{D526B8C1-FFF1-7E93-EDF7-41BF59EEBEB8}.Debug|Any CPU.Build.0 = Debug|Any CPU
		{D526B8C1-FFF1-7E93-EDF7-41BF59EEBEB8}.Release|Any CPU.ActiveCfg = Release|Any CPU
		{D526B8C1-FFF1-7E93-EDF7-41BF59EEBEB8}.Release|Any CPU.Build.0 = Release|Any CPU
		{8E7C73A3-7719-6FE2-0D0D-A83EDAB504C7}.Debug|Any CPU.ActiveCfg = Debug|Any CPU
		{8E7C73A3-7719-6FE2-0D0D-A83EDAB504C7}.Debug|Any CPU.Build.0 = Debug|Any CPU
		{8E7C73A3-7719-6FE2-0D0D-A83EDAB504C7}.Release|Any CPU.ActiveCfg = Release|Any CPU
		{8E7C73A3-7719-6FE2-0D0D-A83EDAB504C7}.Release|Any CPU.Build.0 = Release|Any CPU
		{EDE48CFA-E9C6-66CB-F43E-070EAA2E76B0}.Debug|Any CPU.ActiveCfg = Debug|Any CPU
		{EDE48CFA-E9C6-66CB-F43E-070EAA2E76B0}.Debug|Any CPU.Build.0 = Debug|Any CPU
		{EDE48CFA-E9C6-66CB-F43E-070EAA2E76B0}.Release|Any CPU.ActiveCfg = Release|Any CPU
		{EDE48CFA-E9C6-66CB-F43E-070EAA2E76B0}.Release|Any CPU.Build.0 = Release|Any CPU
		{2B5EBA4C-6F49-0CD7-B2E9-17011B7A77DE}.Debug|Any CPU.ActiveCfg = Debug|Any CPU
		{2B5EBA4C-6F49-0CD7-B2E9-17011B7A77DE}.Debug|Any CPU.Build.0 = Debug|Any CPU
		{2B5EBA4C-6F49-0CD7-B2E9-17011B7A77DE}.Release|Any CPU.ActiveCfg = Release|Any CPU
		{2B5EBA4C-6F49-0CD7-B2E9-17011B7A77DE}.Release|Any CPU.Build.0 = Release|Any CPU
		{EADDBA5C-9D8F-36FC-4CF7-3F00B455CEFA}.Debug|Any CPU.ActiveCfg = Debug|Any CPU
		{EADDBA5C-9D8F-36FC-4CF7-3F00B455CEFA}.Debug|Any CPU.Build.0 = Debug|Any CPU
		{EADDBA5C-9D8F-36FC-4CF7-3F00B455CEFA}.Release|Any CPU.ActiveCfg = Release|Any CPU
		{EADDBA5C-9D8F-36FC-4CF7-3F00B455CEFA}.Release|Any CPU.Build.0 = Release|Any CPU
		{4CA5F358-0823-13A6-3AC2-C8762B1F91C6}.Debug|Any CPU.ActiveCfg = Debug|Any CPU
		{4CA5F358-0823-13A6-3AC2-C8762B1F91C6}.Debug|Any CPU.Build.0 = Debug|Any CPU
		{4CA5F358-0823-13A6-3AC2-C8762B1F91C6}.Release|Any CPU.ActiveCfg = Release|Any CPU
		{4CA5F358-0823-13A6-3AC2-C8762B1F91C6}.Release|Any CPU.Build.0 = Release|Any CPU
		{3A848AB7-9891-EDDA-D555-BF184C2F81F4}.Debug|Any CPU.ActiveCfg = Debug|Any CPU
		{3A848AB7-9891-EDDA-D555-BF184C2F81F4}.Debug|Any CPU.Build.0 = Debug|Any CPU
		{3A848AB7-9891-EDDA-D555-BF184C2F81F4}.Release|Any CPU.ActiveCfg = Release|Any CPU
		{3A848AB7-9891-EDDA-D555-BF184C2F81F4}.Release|Any CPU.Build.0 = Release|Any CPU
		{7C87BE25-0A2E-FC58-1E14-37330F289AA3}.Debug|Any CPU.ActiveCfg = Debug|Any CPU
		{7C87BE25-0A2E-FC58-1E14-37330F289AA3}.Debug|Any CPU.Build.0 = Debug|Any CPU
		{7C87BE25-0A2E-FC58-1E14-37330F289AA3}.Release|Any CPU.ActiveCfg = Release|Any CPU
		{7C87BE25-0A2E-FC58-1E14-37330F289AA3}.Release|Any CPU.Build.0 = Release|Any CPU
		{01729BEB-38B3-94D0-873E-F22C19EB806A}.Debug|Any CPU.ActiveCfg = Debug|Any CPU
		{01729BEB-38B3-94D0-873E-F22C19EB806A}.Debug|Any CPU.Build.0 = Debug|Any CPU
		{01729BEB-38B3-94D0-873E-F22C19EB806A}.Release|Any CPU.ActiveCfg = Release|Any CPU
		{01729BEB-38B3-94D0-873E-F22C19EB806A}.Release|Any CPU.Build.0 = Release|Any CPU
		{FB59C224-D4E6-39F8-9116-391BC3D3E954}.Debug|Any CPU.ActiveCfg = Debug|Any CPU
		{FB59C224-D4E6-39F8-9116-391BC3D3E954}.Debug|Any CPU.Build.0 = Debug|Any CPU
		{FB59C224-D4E6-39F8-9116-391BC3D3E954}.Release|Any CPU.ActiveCfg = Release|Any CPU
		{FB59C224-D4E6-39F8-9116-391BC3D3E954}.Release|Any CPU.Build.0 = Release|Any CPU
		{5FCD587C-B023-5664-12C3-B6D9F281A654}.Debug|Any CPU.ActiveCfg = Debug|Any CPU
		{5FCD587C-B023-5664-12C3-B6D9F281A654}.Debug|Any CPU.Build.0 = Debug|Any CPU
		{5FCD587C-B023-5664-12C3-B6D9F281A654}.Release|Any CPU.ActiveCfg = Release|Any CPU
		{5FCD587C-B023-5664-12C3-B6D9F281A654}.Release|Any CPU.Build.0 = Release|Any CPU
		{3BB3FA27-B9AA-7EC6-4E7C-EE51EC3271F7}.Debug|Any CPU.ActiveCfg = Debug|Any CPU
		{3BB3FA27-B9AA-7EC6-4E7C-EE51EC3271F7}.Debug|Any CPU.Build.0 = Debug|Any CPU
		{3BB3FA27-B9AA-7EC6-4E7C-EE51EC3271F7}.Release|Any CPU.ActiveCfg = Release|Any CPU
		{3BB3FA27-B9AA-7EC6-4E7C-EE51EC3271F7}.Release|Any CPU.Build.0 = Release|Any CPU
		{C540080A-BED7-978E-DDFC-EE09E5DBB722}.Debug|Any CPU.ActiveCfg = Debug|Any CPU
		{C540080A-BED7-978E-DDFC-EE09E5DBB722}.Debug|Any CPU.Build.0 = Debug|Any CPU
		{C540080A-BED7-978E-DDFC-EE09E5DBB722}.Release|Any CPU.ActiveCfg = Release|Any CPU
		{C540080A-BED7-978E-DDFC-EE09E5DBB722}.Release|Any CPU.Build.0 = Release|Any CPU
		{9B01B14B-B87E-A8D5-396F-11C50473230C}.Debug|Any CPU.ActiveCfg = Debug|Any CPU
		{9B01B14B-B87E-A8D5-396F-11C50473230C}.Debug|Any CPU.Build.0 = Debug|Any CPU
		{9B01B14B-B87E-A8D5-396F-11C50473230C}.Release|Any CPU.ActiveCfg = Release|Any CPU
		{9B01B14B-B87E-A8D5-396F-11C50473230C}.Release|Any CPU.Build.0 = Release|Any CPU
		{E39D021A-24A3-CC45-6B3B-9304A0479D9A}.Debug|Any CPU.ActiveCfg = Debug|Any CPU
		{E39D021A-24A3-CC45-6B3B-9304A0479D9A}.Debug|Any CPU.Build.0 = Debug|Any CPU
		{E39D021A-24A3-CC45-6B3B-9304A0479D9A}.Release|Any CPU.ActiveCfg = Release|Any CPU
		{E39D021A-24A3-CC45-6B3B-9304A0479D9A}.Release|Any CPU.Build.0 = Release|Any CPU
		{380BDDF0-8A5E-D44A-9906-A8366A78F5F7}.Debug|Any CPU.ActiveCfg = Debug|Any CPU
		{380BDDF0-8A5E-D44A-9906-A8366A78F5F7}.Debug|Any CPU.Build.0 = Debug|Any CPU
		{380BDDF0-8A5E-D44A-9906-A8366A78F5F7}.Release|Any CPU.ActiveCfg = Release|Any CPU
		{380BDDF0-8A5E-D44A-9906-A8366A78F5F7}.Release|Any CPU.Build.0 = Release|Any CPU
		{C12CEEC6-100C-58A2-DE36-314E4DE5E40B}.Debug|Any CPU.ActiveCfg = Debug|Any CPU
		{C12CEEC6-100C-58A2-DE36-314E4DE5E40B}.Debug|Any CPU.Build.0 = Debug|Any CPU
		{C12CEEC6-100C-58A2-DE36-314E4DE5E40B}.Release|Any CPU.ActiveCfg = Release|Any CPU
		{C12CEEC6-100C-58A2-DE36-314E4DE5E40B}.Release|Any CPU.Build.0 = Release|Any CPU
		{F2BA6F82-B7B1-89DD-F5B6-9DBC8354D4BC}.Debug|Any CPU.ActiveCfg = Debug|Any CPU
		{F2BA6F82-B7B1-89DD-F5B6-9DBC8354D4BC}.Debug|Any CPU.Build.0 = Debug|Any CPU
		{F2BA6F82-B7B1-89DD-F5B6-9DBC8354D4BC}.Release|Any CPU.ActiveCfg = Release|Any CPU
		{F2BA6F82-B7B1-89DD-F5B6-9DBC8354D4BC}.Release|Any CPU.Build.0 = Release|Any CPU
		{93D0DB2F-F53D-5A17-ACE7-5C0226DA2A0D}.Debug|Any CPU.ActiveCfg = Debug|Any CPU
		{93D0DB2F-F53D-5A17-ACE7-5C0226DA2A0D}.Debug|Any CPU.Build.0 = Debug|Any CPU
		{93D0DB2F-F53D-5A17-ACE7-5C0226DA2A0D}.Release|Any CPU.ActiveCfg = Release|Any CPU
		{93D0DB2F-F53D-5A17-ACE7-5C0226DA2A0D}.Release|Any CPU.Build.0 = Release|Any CPU
		{F37EB8D3-595B-2A8E-9D57-98253E4F534B}.Debug|Any CPU.ActiveCfg = Debug|Any CPU
		{F37EB8D3-595B-2A8E-9D57-98253E4F534B}.Debug|Any CPU.Build.0 = Debug|Any CPU
		{F37EB8D3-595B-2A8E-9D57-98253E4F534B}.Release|Any CPU.ActiveCfg = Release|Any CPU
		{F37EB8D3-595B-2A8E-9D57-98253E4F534B}.Release|Any CPU.Build.0 = Release|Any CPU
		{9C1497B8-C3E3-622E-AE76-6C9406BBD464}.Debug|Any CPU.ActiveCfg = Debug|Any CPU
		{9C1497B8-C3E3-622E-AE76-6C9406BBD464}.Debug|Any CPU.Build.0 = Debug|Any CPU
		{9C1497B8-C3E3-622E-AE76-6C9406BBD464}.Release|Any CPU.ActiveCfg = Release|Any CPU
		{9C1497B8-C3E3-622E-AE76-6C9406BBD464}.Release|Any CPU.Build.0 = Release|Any CPU
		{6AF95F4B-B8F1-38E0-2772-4BB952A98123}.Debug|Any CPU.ActiveCfg = Debug|Any CPU
		{6AF95F4B-B8F1-38E0-2772-4BB952A98123}.Debug|Any CPU.Build.0 = Debug|Any CPU
		{6AF95F4B-B8F1-38E0-2772-4BB952A98123}.Release|Any CPU.ActiveCfg = Release|Any CPU
		{6AF95F4B-B8F1-38E0-2772-4BB952A98123}.Release|Any CPU.Build.0 = Release|Any CPU
		{779568FA-8B74-9FC0-8E1A-6EBB501CEFE6}.Debug|Any CPU.ActiveCfg = Debug|Any CPU
		{779568FA-8B74-9FC0-8E1A-6EBB501CEFE6}.Debug|Any CPU.Build.0 = Debug|Any CPU
		{779568FA-8B74-9FC0-8E1A-6EBB501CEFE6}.Release|Any CPU.ActiveCfg = Release|Any CPU
		{779568FA-8B74-9FC0-8E1A-6EBB501CEFE6}.Release|Any CPU.Build.0 = Release|Any CPU
	EndGlobalSection
	GlobalSection(SolutionProperties) = preSolution
		HideSolutionNode = FALSE
	EndGlobalSection
EndGlobal
