
Microsoft Visual Studio Solution File, Format Version 12.00
# Visual Studio 15
VisualStudioVersion = 15.0.28307.902
MinimumVisualStudioVersion = 10.0.40219.1
Project("{FAE04EC0-301F-11D3-BF4B-00C04F79EFBC}") = "VrcaiMlaCommunicator", "VrcaiMlaCommunicator\VrcaiMlaCommunicator.csproj", "{C58A835F-F268-4F11-A8AB-135A57CF3CE4}"
EndProject
Global
	GlobalSection(SolutionConfigurationPlatforms) = preSolution
		Debug|Any CPU = Debug|Any CPU
		Release|Any CPU = Release|Any CPU
	EndGlobalSection
	GlobalSection(ProjectConfigurationPlatforms) = postSolution
		{C58A835F-F268-4F11-A8AB-135A57CF3CE4}.Debug|Any CPU.ActiveCfg = Debug|Any CPU
		{C58A835F-F268-4F11-A8AB-135A57CF3CE4}.Debug|Any CPU.Build.0 = Debug|Any CPU
		{C58A835F-F268-4F11-A8AB-135A57CF3CE4}.Release|Any CPU.ActiveCfg = Release|Any CPU
		{C58A835F-F268-4F11-A8AB-135A57CF3CE4}.Release|Any CPU.Build.0 = Release|Any CPU
	EndGlobalSection
	GlobalSection(SolutionProperties) = preSolution
		HideSolutionNode = FALSE
	EndGlobalSection
	GlobalSection(ExtensibilityGlobals) = postSolution
		SolutionGuid = {D55912E8-14FC-4778-986D-64E6A5FFBD7C}
	EndGlobalSection
EndGlobal
